// !$*UTF8*$!
{
	archiveVersion = 1;
	classes = {
	};
	objectVersion = 54;
	objects = {

/* Begin PBXBuildFile section */
		0C80B921A6F3F58F76C31292 /* libPods-Final_APP.a in Frameworks */ = {isa = PBXBuildFile; fileRef = 5DCACB8F33CDC322A6C60F78 /* libPods-Final_APP.a */; };
		13B07FBF1A68108700A75B9A /* Images.xcassets in Resources */ = {isa = PBXBuildFile; fileRef = 13B07FB51A68108700A75B9A /* Images.xcassets */; };
		761780ED2CA45674006654EE /* AppDelegate.swift in Sources */ = {isa = PBXBuildFile; fileRef = 761780EC2CA45674006654EE /* AppDelegate.swift */; };
		81AB9BB82411601600AC10FF /* LaunchScreen.storyboard in Resources */ = {isa = PBXBuildFile; fileRef = 81AB9BB72411601600AC10FF /* LaunchScreen.storyboard */; };
		62B255E59C1B40E9B607AD7C /* AnekTelugu-VariableFont_wdth,wght.ttf in Resources */ = {isa = PBXBuildFile; fileRef = 77A18386F4144C73B4E1A8D5 /* AnekTelugu-VariableFont_wdth,wght.ttf */; };
		32098429353E40F797BF0701 /* Barlow-Black.ttf in Resources */ = {isa = PBXBuildFile; fileRef = 207DFFADEA344F33B146A606 /* Barlow-Black.ttf */; };
		D7F7ED7568EB4B2F89F32FCD /* Barlow-BlackItalic.ttf in Resources */ = {isa = PBXBuildFile; fileRef = 81210A389DA34B9DA83A4801 /* Barlow-BlackItalic.ttf */; };
		92AE24A505FE4483AA88B8BA /* Barlow-Bold.ttf in Resources */ = {isa = PBXBuildFile; fileRef = ABF824744AC8438FAAE9AC16 /* Barlow-Bold.ttf */; };
		B0F7D8F5B1E14D7FBC1F196C /* Barlow-BoldItalic.ttf in Resources */ = {isa = PBXBuildFile; fileRef = A521FEA31EA145E499EEB5EF /* Barlow-BoldItalic.ttf */; };
		D44E220CF713440CA1E0A48A /* Barlow-ExtraBold.ttf in Resources */ = {isa = PBXBuildFile; fileRef = 7B046E1F256F432BA1255A05 /* Barlow-ExtraBold.ttf */; };
		2B7E42E5F18242C09CD1F890 /* Barlow-ExtraBoldItalic.ttf in Resources */ = {isa = PBXBuildFile; fileRef = C8246B1F8B394941A527B25F /* Barlow-ExtraBoldItalic.ttf */; };
		E97662D900BB478FBA9ACC36 /* Barlow-ExtraLight.ttf in Resources */ = {isa = PBXBuildFile; fileRef = 82571FA91A8F4F18ADA69C4F /* Barlow-ExtraLight.ttf */; };
		6253F571B83342C8AE20B272 /* Barlow-ExtraLightItalic.ttf in Resources */ = {isa = PBXBuildFile; fileRef = 3726A7EF5ACF4CE6B5AE62E0 /* Barlow-ExtraLightItalic.ttf */; };
		A271A11F845149EFA4B58E70 /* Barlow-Italic.ttf in Resources */ = {isa = PBXBuildFile; fileRef = C57BE09AE3754E6EA3A42F62 /* Barlow-Italic.ttf */; };
		6D5791BB606845D883AFBD53 /* Barlow-Light.ttf in Resources */ = {isa = PBXBuildFile; fileRef = 2D0565A1B0F946C98FB4CB12 /* Barlow-Light.ttf */; };
		599801E496DC4F81896F591B /* Barlow-LightItalic.ttf in Resources */ = {isa = PBXBuildFile; fileRef = 05355130DDFC41FF92154AD1 /* Barlow-LightItalic.ttf */; };
		40FD3F8769544D70B138A451 /* Barlow-Medium.ttf in Resources */ = {isa = PBXBuildFile; fileRef = B5F25BE0E2F147B4A71CE887 /* Barlow-Medium.ttf */; };
		29046B6A9C824F5D90485F90 /* Barlow-MediumItalic.ttf in Resources */ = {isa = PBXBuildFile; fileRef = 6EEDFE06B2394F23BD9F625A /* Barlow-MediumItalic.ttf */; };
		F304E9453E5C4F7EA388C0C8 /* Barlow-Regular.ttf in Resources */ = {isa = PBXBuildFile; fileRef = B359142B91EB4D1F8E2C0938 /* Barlow-Regular.ttf */; };
		FD2D237442DB49F88E2E902C /* Barlow-SemiBold.ttf in Resources */ = {isa = PBXBuildFile; fileRef = 2C3F80D9ECEF44008C200E07 /* Barlow-SemiBold.ttf */; };
		327184C221B04B39B899F28A /* Barlow-SemiBoldItalic.ttf in Resources */ = {isa = PBXBuildFile; fileRef = 3C09AB5CE561451198C2A60A /* Barlow-SemiBoldItalic.ttf */; };
		55287F2D2834415CB7632048 /* Barlow-Thin.ttf in Resources */ = {isa = PBXBuildFile; fileRef = 751692DB8B9D4B99890BB735 /* Barlow-Thin.ttf */; };
		C0DB9AED3C0D40A99636932B /* Barlow-ThinItalic.ttf in Resources */ = {isa = PBXBuildFile; fileRef = 7A908D80961F4954BD1764C4 /* Barlow-ThinItalic.ttf */; };
		AF445BFF09FF41EC93F89CF7 /* Oswald-VariableFont_wght.ttf in Resources */ = {isa = PBXBuildFile; fileRef = 9BFEB0D1E0CC48448C0C8FF1 /* Oswald-VariableFont_wght.ttf */; };
		31364D483D554DBE9509E8B2 /* Slabo13px-Regular.ttf in Resources */ = {isa = PBXBuildFile; fileRef = 1393434AD000478B9E4C95CB /* Slabo13px-Regular.ttf */; };
/* End PBXBuildFile section */

/* Begin PBXFileReference section */
		13B07F961A680F5B00A75B9A /* Final_APP.app */ = {isa = PBXFileReference; explicitFileType = wrapper.application; includeInIndex = 0; path = Final_APP.app; sourceTree = BUILT_PRODUCTS_DIR; };
		13B07FB51A68108700A75B9A /* Images.xcassets */ = {isa = PBXFileReference; lastKnownFileType = folder.assetcatalog; name = Images.xcassets; path = Final_APP/Images.xcassets; sourceTree = "<group>"; };
		13B07FB61A68108700A75B9A /* Info.plist */ = {isa = PBXFileReference; fileEncoding = 4; lastKnownFileType = text.plist.xml; name = Info.plist; path = Final_APP/Info.plist; sourceTree = "<group>"; };
		13B07FB81A68108700A75B9A /* PrivacyInfo.xcprivacy */ = {isa = PBXFileReference; fileEncoding = 4; lastKnownFileType = text.plist.xml; name = PrivacyInfo.xcprivacy; path = Final_APP/PrivacyInfo.xcprivacy; sourceTree = "<group>"; };
		3B4392A12AC88292D35C810B /* Pods-Final_APP.debug.xcconfig */ = {isa = PBXFileReference; includeInIndex = 1; lastKnownFileType = text.xcconfig; name = "Pods-Final_APP.debug.xcconfig"; path = "Target Support Files/Pods-Final_APP/Pods-Final_APP.debug.xcconfig"; sourceTree = "<group>"; };
		5709B34CF0A7D63546082F79 /* Pods-Final_APP.release.xcconfig */ = {isa = PBXFileReference; includeInIndex = 1; lastKnownFileType = text.xcconfig; name = "Pods-Final_APP.release.xcconfig"; path = "Target Support Files/Pods-Final_APP/Pods-Final_APP.release.xcconfig"; sourceTree = "<group>"; };
		5DCACB8F33CDC322A6C60F78 /* libPods-Final_APP.a */ = {isa = PBXFileReference; explicitFileType = archive.ar; includeInIndex = 0; path = "libPods-Final_APP.a"; sourceTree = BUILT_PRODUCTS_DIR; };
		761780EC2CA45674006654EE /* AppDelegate.swift */ = {isa = PBXFileReference; lastKnownFileType = sourcecode.swift; name = AppDelegate.swift; path = Final_APP/AppDelegate.swift; sourceTree = "<group>"; };
		81AB9BB72411601600AC10FF /* LaunchScreen.storyboard */ = {isa = PBXFileReference; fileEncoding = 4; lastKnownFileType = file.storyboard; name = LaunchScreen.storyboard; path = Final_APP/LaunchScreen.storyboard; sourceTree = "<group>"; };
		ED297162215061F000B7C4FE /* JavaScriptCore.framework */ = {isa = PBXFileReference; lastKnownFileType = wrapper.framework; name = JavaScriptCore.framework; path = System/Library/Frameworks/JavaScriptCore.framework; sourceTree = SDKROOT; };
		77A18386F4144C73B4E1A8D5 /* AnekTelugu-VariableFont_wdth,wght.ttf */ = {isa = PBXFileReference; name = "AnekTelugu-VariableFont_wdth,wght.ttf"; path = "../assets/fonts/AnekTelugu-VariableFont_wdth,wght.ttf"; sourceTree = "<group>"; fileEncoding = undefined; lastKnownFileType = unknown; explicitFileType = undefined; includeInIndex = 0; };
		207DFFADEA344F33B146A606 /* Barlow-Black.ttf */ = {isa = PBXFileReference; name = "Barlow-Black.ttf"; path = "../assets/fonts/Barlow-Black.ttf"; sourceTree = "<group>"; fileEncoding = undefined; lastKnownFileType = unknown; explicitFileType = undefined; includeInIndex = 0; };
		81210A389DA34B9DA83A4801 /* Barlow-BlackItalic.ttf */ = {isa = PBXFileReference; name = "Barlow-BlackItalic.ttf"; path = "../assets/fonts/Barlow-BlackItalic.ttf"; sourceTree = "<group>"; fileEncoding = undefined; lastKnownFileType = unknown; explicitFileType = undefined; includeInIndex = 0; };
		ABF824744AC8438FAAE9AC16 /* Barlow-Bold.ttf */ = {isa = PBXFileReference; name = "Barlow-Bold.ttf"; path = "../assets/fonts/Barlow-Bold.ttf"; sourceTree = "<group>"; fileEncoding = undefined; lastKnownFileType = unknown; explicitFileType = undefined; includeInIndex = 0; };
		A521FEA31EA145E499EEB5EF /* Barlow-BoldItalic.ttf */ = {isa = PBXFileReference; name = "Barlow-BoldItalic.ttf"; path = "../assets/fonts/Barlow-BoldItalic.ttf"; sourceTree = "<group>"; fileEncoding = undefined; lastKnownFileType = unknown; explicitFileType = undefined; includeInIndex = 0; };
		7B046E1F256F432BA1255A05 /* Barlow-ExtraBold.ttf */ = {isa = PBXFileReference; name = "Barlow-ExtraBold.ttf"; path = "../assets/fonts/Barlow-ExtraBold.ttf"; sourceTree = "<group>"; fileEncoding = undefined; lastKnownFileType = unknown; explicitFileType = undefined; includeInIndex = 0; };
		C8246B1F8B394941A527B25F /* Barlow-ExtraBoldItalic.ttf */ = {isa = PBXFileReference; name = "Barlow-ExtraBoldItalic.ttf"; path = "../assets/fonts/Barlow-ExtraBoldItalic.ttf"; sourceTree = "<group>"; fileEncoding = undefined; lastKnownFileType = unknown; explicitFileType = undefined; includeInIndex = 0; };
		82571FA91A8F4F18ADA69C4F /* Barlow-ExtraLight.ttf */ = {isa = PBXFileReference; name = "Barlow-ExtraLight.ttf"; path = "../assets/fonts/Barlow-ExtraLight.ttf"; sourceTree = "<group>"; fileEncoding = undefined; lastKnownFileType = unknown; explicitFileType = undefined; includeInIndex = 0; };
		3726A7EF5ACF4CE6B5AE62E0 /* Barlow-ExtraLightItalic.ttf */ = {isa = PBXFileReference; name = "Barlow-ExtraLightItalic.ttf"; path = "../assets/fonts/Barlow-ExtraLightItalic.ttf"; sourceTree = "<group>"; fileEncoding = undefined; lastKnownFileType = unknown; explicitFileType = undefined; includeInIndex = 0; };
		C57BE09AE3754E6EA3A42F62 /* Barlow-Italic.ttf */ = {isa = PBXFileReference; name = "Barlow-Italic.ttf"; path = "../assets/fonts/Barlow-Italic.ttf"; sourceTree = "<group>"; fileEncoding = undefined; lastKnownFileType = unknown; explicitFileType = undefined; includeInIndex = 0; };
		2D0565A1B0F946C98FB4CB12 /* Barlow-Light.ttf */ = {isa = PBXFileReference; name = "Barlow-Light.ttf"; path = "../assets/fonts/Barlow-Light.ttf"; sourceTree = "<group>"; fileEncoding = undefined; lastKnownFileType = unknown; explicitFileType = undefined; includeInIndex = 0; };
		05355130DDFC41FF92154AD1 /* Barlow-LightItalic.ttf */ = {isa = PBXFileReference; name = "Barlow-LightItalic.ttf"; path = "../assets/fonts/Barlow-LightItalic.ttf"; sourceTree = "<group>"; fileEncoding = undefined; lastKnownFileType = unknown; explicitFileType = undefined; includeInIndex = 0; };
		B5F25BE0E2F147B4A71CE887 /* Barlow-Medium.ttf */ = {isa = PBXFileReference; name = "Barlow-Medium.ttf"; path = "../assets/fonts/Barlow-Medium.ttf"; sourceTree = "<group>"; fileEncoding = undefined; lastKnownFileType = unknown; explicitFileType = undefined; includeInIndex = 0; };
		6EEDFE06B2394F23BD9F625A /* Barlow-MediumItalic.ttf */ = {isa = PBXFileReference; name = "Barlow-MediumItalic.ttf"; path = "../assets/fonts/Barlow-MediumItalic.ttf"; sourceTree = "<group>"; fileEncoding = undefined; lastKnownFileType = unknown; explicitFileType = undefined; includeInIndex = 0; };
		B359142B91EB4D1F8E2C0938 /* Barlow-Regular.ttf */ = {isa = PBXFileReference; name = "Barlow-Regular.ttf"; path = "../assets/fonts/Barlow-Regular.ttf"; sourceTree = "<group>"; fileEncoding = undefined; lastKnownFileType = unknown; explicitFileType = undefined; includeInIndex = 0; };
		2C3F80D9ECEF44008C200E07 /* Barlow-SemiBold.ttf */ = {isa = PBXFileReference; name = "Barlow-SemiBold.ttf"; path = "../assets/fonts/Barlow-SemiBold.ttf"; sourceTree = "<group>"; fileEncoding = undefined; lastKnownFileType = unknown; explicitFileType = undefined; includeInIndex = 0; };
		3C09AB5CE561451198C2A60A /* Barlow-SemiBoldItalic.ttf */ = {isa = PBXFileReference; name = "Barlow-SemiBoldItalic.ttf"; path = "../assets/fonts/Barlow-SemiBoldItalic.ttf"; sourceTree = "<group>"; fileEncoding = undefined; lastKnownFileType = unknown; explicitFileType = undefined; includeInIndex = 0; };
		751692DB8B9D4B99890BB735 /* Barlow-Thin.ttf */ = {isa = PBXFileReference; name = "Barlow-Thin.ttf"; path = "../assets/fonts/Barlow-Thin.ttf"; sourceTree = "<group>"; fileEncoding = undefined; lastKnownFileType = unknown; explicitFileType = undefined; includeInIndex = 0; };
		7A908D80961F4954BD1764C4 /* Barlow-ThinItalic.ttf */ = {isa = PBXFileReference; name = "Barlow-ThinItalic.ttf"; path = "../assets/fonts/Barlow-ThinItalic.ttf"; sourceTree = "<group>"; fileEncoding = undefined; lastKnownFileType = unknown; explicitFileType = undefined; includeInIndex = 0; };
		9BFEB0D1E0CC48448C0C8FF1 /* Oswald-VariableFont_wght.ttf */ = {isa = PBXFileReference; name = "Oswald-VariableFont_wght.ttf"; path = "../assets/fonts/Oswald-VariableFont_wght.ttf"; sourceTree = "<group>"; fileEncoding = undefined; lastKnownFileType = unknown; explicitFileType = undefined; includeInIndex = 0; };
		1393434AD000478B9E4C95CB /* Slabo13px-Regular.ttf */ = {isa = PBXFileReference; name = "Slabo13px-Regular.ttf"; path = "../assets/fonts/Slabo13px-Regular.ttf"; sourceTree = "<group>"; fileEncoding = undefined; lastKnownFileType = unknown; explicitFileType = undefined; includeInIndex = 0; };
/* End PBXFileReference section */

/* Begin PBXFrameworksBuildPhase section */
		13B07F8C1A680F5B00A75B9A /* Frameworks */ = {
			isa = PBXFrameworksBuildPhase;
			buildActionMask = 2147483647;
			files = (
				0C80B921A6F3F58F76C31292 /* libPods-Final_APP.a in Frameworks */,
			);
			runOnlyForDeploymentPostprocessing = 0;
		};
/* End PBXFrameworksBuildPhase section */

/* Begin PBXGroup section */
		13B07FAE1A68108700A75B9A /* Final_APP */ = {
			isa = PBXGroup;
			children = (
				13B07FB51A68108700A75B9A /* Images.xcassets */,
				761780EC2CA45674006654EE /* AppDelegate.swift */,
				13B07FB61A68108700A75B9A /* Info.plist */,
				81AB9BB72411601600AC10FF /* LaunchScreen.storyboard */,
				13B07FB81A68108700A75B9A /* PrivacyInfo.xcprivacy */,
			);
			name = Final_APP;
			sourceTree = "<group>";
		};
		2D16E6871FA4F8E400B85C8A /* Frameworks */ = {
			isa = PBXGroup;
			children = (
				ED297162215061F000B7C4FE /* JavaScriptCore.framework */,
				5DCACB8F33CDC322A6C60F78 /* libPods-Final_APP.a */,
			);
			name = Frameworks;
			sourceTree = "<group>";
		};
		832341AE1AAA6A7D00B99B32 /* Libraries */ = {
			isa = PBXGroup;
			children = (
			);
			name = Libraries;
			sourceTree = "<group>";
		};
		83CBB9F61A601CBA00E9B192 = {
			isa = PBXGroup;
			children = (
				13B07FAE1A68108700A75B9A /* Final_APP */,
				832341AE1AAA6A7D00B99B32 /* Libraries */,
				83CBBA001A601CBA00E9B192 /* Products */,
				2D16E6871FA4F8E400B85C8A /* Frameworks */,
				BBD78D7AC51CEA395F1C20DB /* Pods */,
				A8CD1C40827A4F0984956406 /* Resources */,
			);
			indentWidth = 2;
			sourceTree = "<group>";
			tabWidth = 2;
			usesTabs = 0;
		};
		83CBBA001A601CBA00E9B192 /* Products */ = {
			isa = PBXGroup;
			children = (
				13B07F961A680F5B00A75B9A /* Final_APP.app */,
			);
			name = Products;
			sourceTree = "<group>";
		};
		BBD78D7AC51CEA395F1C20DB /* Pods */ = {
			isa = PBXGroup;
			children = (
				3B4392A12AC88292D35C810B /* Pods-Final_APP.debug.xcconfig */,
				5709B34CF0A7D63546082F79 /* Pods-Final_APP.release.xcconfig */,
			);
			path = Pods;
			sourceTree = "<group>";
		};
		A8CD1C40827A4F0984956406 /* Resources */ = {
			isa = "PBXGroup";
			children = (
				77A18386F4144C73B4E1A8D5 /* AnekTelugu-VariableFont_wdth,wght.ttf */,
				207DFFADEA344F33B146A606 /* Barlow-Black.ttf */,
				81210A389DA34B9DA83A4801 /* Barlow-BlackItalic.ttf */,
				ABF824744AC8438FAAE9AC16 /* Barlow-Bold.ttf */,
				A521FEA31EA145E499EEB5EF /* Barlow-BoldItalic.ttf */,
				7B046E1F256F432BA1255A05 /* Barlow-ExtraBold.ttf */,
				C8246B1F8B394941A527B25F /* Barlow-ExtraBoldItalic.ttf */,
				82571FA91A8F4F18ADA69C4F /* Barlow-ExtraLight.ttf */,
				3726A7EF5ACF4CE6B5AE62E0 /* Barlow-ExtraLightItalic.ttf */,
				C57BE09AE3754E6EA3A42F62 /* Barlow-Italic.ttf */,
				2D0565A1B0F946C98FB4CB12 /* Barlow-Light.ttf */,
				05355130DDFC41FF92154AD1 /* Barlow-LightItalic.ttf */,
				B5F25BE0E2F147B4A71CE887 /* Barlow-Medium.ttf */,
				6EEDFE06B2394F23BD9F625A /* Barlow-MediumItalic.ttf */,
				B359142B91EB4D1F8E2C0938 /* Barlow-Regular.ttf */,
				2C3F80D9ECEF44008C200E07 /* Barlow-SemiBold.ttf */,
				3C09AB5CE561451198C2A60A /* Barlow-SemiBoldItalic.ttf */,
				751692DB8B9D4B99890BB735 /* Barlow-Thin.ttf */,
				7A908D80961F4954BD1764C4 /* Barlow-ThinItalic.ttf */,
				9BFEB0D1E0CC48448C0C8FF1 /* Oswald-VariableFont_wght.ttf */,
				1393434AD000478B9E4C95CB /* Slabo13px-Regular.ttf */,
			);
			name = Resources;
			sourceTree = "<group>";
			path = "";
		};
/* End PBXGroup section */

/* Begin PBXNativeTarget section */
		13B07F861A680F5B00A75B9A /* Final_APP */ = {
			isa = PBXNativeTarget;
			buildConfigurationList = 13B07F931A680F5B00A75B9A /* Build configuration list for PBXNativeTarget "Final_APP" */;
			buildPhases = (
				C38B50BA6285516D6DCD4F65 /* [CP] Check Pods Manifest.lock */,
				13B07F871A680F5B00A75B9A /* Sources */,
				13B07F8C1A680F5B00A75B9A /* Frameworks */,
				13B07F8E1A680F5B00A75B9A /* Resources */,
				00DD1BFF1BD5951E006B06BC /* Bundle React Native code and images */,
				00EEFC60759A1932668264C0 /* [CP] Embed Pods Frameworks */,
				E235C05ADACE081382539298 /* [CP] Copy Pods Resources */,
			);
			buildRules = (
			);
			dependencies = (
			);
			name = Final_APP;
			productName = Final_APP;
			productReference = 13B07F961A680F5B00A75B9A /* Final_APP.app */;
			productType = "com.apple.product-type.application";
		};
/* End PBXNativeTarget section */

/* Begin PBXProject section */
		83CBB9F71A601CBA00E9B192 /* Project object */ = {
			isa = PBXProject;
			attributes = {
				LastUpgradeCheck = 1210;
				TargetAttributes = {
					13B07F861A680F5B00A75B9A = {
						LastSwiftMigration = 1120;
					};
				};
			};
			buildConfigurationList = 83CBB9FA1A601CBA00E9B192 /* Build configuration list for PBXProject "Final_APP" */;
			compatibilityVersion = "Xcode 12.0";
			developmentRegion = en;
			hasScannedForEncodings = 0;
			knownRegions = (
				en,
				Base,
			);
			mainGroup = 83CBB9F61A601CBA00E9B192;
			productRefGroup = 83CBBA001A601CBA00E9B192 /* Products */;
			projectDirPath = "";
			projectRoot = "";
			targets = (
				13B07F861A680F5B00A75B9A /* Final_APP */,
			);
		};
/* End PBXProject section */

/* Begin PBXResourcesBuildPhase section */
		13B07F8E1A680F5B00A75B9A /* Resources */ = {
			isa = PBXResourcesBuildPhase;
			buildActionMask = 2147483647;
			files = (
				81AB9BB82411601600AC10FF /* LaunchScreen.storyboard in Resources */,
				13B07FBF1A68108700A75B9A /* Images.xcassets in Resources */,
				62B255E59C1B40E9B607AD7C /* AnekTelugu-VariableFont_wdth,wght.ttf in Resources */,
				32098429353E40F797BF0701 /* Barlow-Black.ttf in Resources */,
				D7F7ED7568EB4B2F89F32FCD /* Barlow-BlackItalic.ttf in Resources */,
				92AE24A505FE4483AA88B8BA /* Barlow-Bold.ttf in Resources */,
				B0F7D8F5B1E14D7FBC1F196C /* Barlow-BoldItalic.ttf in Resources */,
				D44E220CF713440CA1E0A48A /* Barlow-ExtraBold.ttf in Resources */,
				2B7E42E5F18242C09CD1F890 /* Barlow-ExtraBoldItalic.ttf in Resources */,
				E97662D900BB478FBA9ACC36 /* Barlow-ExtraLight.ttf in Resources */,
				6253F571B83342C8AE20B272 /* Barlow-ExtraLightItalic.ttf in Resources */,
				A271A11F845149EFA4B58E70 /* Barlow-Italic.ttf in Resources */,
				6D5791BB606845D883AFBD53 /* Barlow-Light.ttf in Resources */,
				599801E496DC4F81896F591B /* Barlow-LightItalic.ttf in Resources */,
				40FD3F8769544D70B138A451 /* Barlow-Medium.ttf in Resources */,
				29046B6A9C824F5D90485F90 /* Barlow-MediumItalic.ttf in Resources */,
				F304E9453E5C4F7EA388C0C8 /* Barlow-Regular.ttf in Resources */,
				FD2D237442DB49F88E2E902C /* Barlow-SemiBold.ttf in Resources */,
				327184C221B04B39B899F28A /* Barlow-SemiBoldItalic.ttf in Resources */,
				55287F2D2834415CB7632048 /* Barlow-Thin.ttf in Resources */,
				C0DB9AED3C0D40A99636932B /* Barlow-ThinItalic.ttf in Resources */,
				AF445BFF09FF41EC93F89CF7 /* Oswald-VariableFont_wght.ttf in Resources */,
				31364D483D554DBE9509E8B2 /* Slabo13px-Regular.ttf in Resources */,
			);
			runOnlyForDeploymentPostprocessing = 0;
		};
/* End PBXResourcesBuildPhase section */

/* Begin PBXShellScriptBuildPhase section */
		00DD1BFF1BD5951E006B06BC /* Bundle React Native code and images */ = {
			isa = PBXShellScriptBuildPhase;
			buildActionMask = 2147483647;
			files = (
			);
			inputPaths = (
				"$(SRCROOT)/.xcode.env.local",
				"$(SRCROOT)/.xcode.env",
			);
			name = "Bundle React Native code and images";
			outputPaths = (
			);
			runOnlyForDeploymentPostprocessing = 0;
			shellPath = /bin/sh;
			shellScript = "set -e\n\nWITH_ENVIRONMENT=\"$REACT_NATIVE_PATH/scripts/xcode/with-environment.sh\"\nREACT_NATIVE_XCODE=\"$REACT_NATIVE_PATH/scripts/react-native-xcode.sh\"\n\n/bin/sh -c \"$WITH_ENVIRONMENT $REACT_NATIVE_XCODE\"\n";
		};
		00EEFC60759A1932668264C0 /* [CP] Embed Pods Frameworks */ = {
			isa = PBXShellScriptBuildPhase;
			buildActionMask = 2147483647;
			files = (
			);
			inputFileListPaths = (
				"${PODS_ROOT}/Target Support Files/Pods-Final_APP/Pods-Final_APP-frameworks-${CONFIGURATION}-input-files.xcfilelist",
			);
			name = "[CP] Embed Pods Frameworks";
			outputFileListPaths = (
				"${PODS_ROOT}/Target Support Files/Pods-Final_APP/Pods-Final_APP-frameworks-${CONFIGURATION}-output-files.xcfilelist",
			);
			runOnlyForDeploymentPostprocessing = 0;
			shellPath = /bin/sh;
			shellScript = "\"${PODS_ROOT}/Target Support Files/Pods-Final_APP/Pods-Final_APP-frameworks.sh\"\n";
			showEnvVarsInLog = 0;
		};
		C38B50BA6285516D6DCD4F65 /* [CP] Check Pods Manifest.lock */ = {
			isa = PBXShellScriptBuildPhase;
			buildActionMask = 2147483647;
			files = (
			);
			inputFileListPaths = (
			);
			inputPaths = (
				"${PODS_PODFILE_DIR_PATH}/Podfile.lock",
				"${PODS_ROOT}/Manifest.lock",
			);
			name = "[CP] Check Pods Manifest.lock";
			outputFileListPaths = (
			);
			outputPaths = (
				"$(DERIVED_FILE_DIR)/Pods-Final_APP-checkManifestLockResult.txt",
			);
			runOnlyForDeploymentPostprocessing = 0;
			shellPath = /bin/sh;
			shellScript = "diff \"${PODS_PODFILE_DIR_PATH}/Podfile.lock\" \"${PODS_ROOT}/Manifest.lock\" > /dev/null\nif [ $? != 0 ] ; then\n    # print error to STDERR\n    echo \"error: The sandbox is not in sync with the Podfile.lock. Run 'pod install' or update your CocoaPods installation.\" >&2\n    exit 1\nfi\n# This output is used by Xcode 'outputs' to avoid re-running this script phase.\necho \"SUCCESS\" > \"${SCRIPT_OUTPUT_FILE_0}\"\n";
			showEnvVarsInLog = 0;
		};
		E235C05ADACE081382539298 /* [CP] Copy Pods Resources */ = {
			isa = PBXShellScriptBuildPhase;
			buildActionMask = 2147483647;
			files = (
			);
			inputFileListPaths = (
				"${PODS_ROOT}/Target Support Files/Pods-Final_APP/Pods-Final_APP-resources-${CONFIGURATION}-input-files.xcfilelist",
			);
			name = "[CP] Copy Pods Resources";
			outputFileListPaths = (
				"${PODS_ROOT}/Target Support Files/Pods-Final_APP/Pods-Final_APP-resources-${CONFIGURATION}-output-files.xcfilelist",
			);
			runOnlyForDeploymentPostprocessing = 0;
			shellPath = /bin/sh;
			shellScript = "\"${PODS_ROOT}/Target Support Files/Pods-Final_APP/Pods-Final_APP-resources.sh\"\n";
			showEnvVarsInLog = 0;
		};
/* End PBXShellScriptBuildPhase section */

/* Begin PBXSourcesBuildPhase section */
		13B07F871A680F5B00A75B9A /* Sources */ = {
			isa = PBXSourcesBuildPhase;
			buildActionMask = 2147483647;
			files = (
				761780ED2CA45674006654EE /* AppDelegate.swift in Sources */,
			);
			runOnlyForDeploymentPostprocessing = 0;
		};
/* End PBXSourcesBuildPhase section */

/* Begin XCBuildConfiguration section */
		13B07F941A680F5B00A75B9A /* Debug */ = {
			isa = XCBuildConfiguration;
			baseConfigurationReference = 3B4392A12AC88292D35C810B /* Pods-Final_APP.debug.xcconfig */;
			buildSettings = {
				ASSETCATALOG_COMPILER_APPICON_NAME = AppIcon;
				CLANG_ENABLE_MODULES = YES;
				CURRENT_PROJECT_VERSION = 1;
				ENABLE_BITCODE = NO;
				INFOPLIST_FILE = Final_APP/Info.plist;
				IPHONEOS_DEPLOYMENT_TARGET = 15.1;
				LD_RUNPATH_SEARCH_PATHS = (
					"$(inherited)",
					"@executable_path/Frameworks",
				);
				MARKETING_VERSION = 1.0;
				OTHER_LDFLAGS = (
					"$(inherited)",
					"-ObjC",
					"-lc++",
				);
				PRODUCT_BUNDLE_IDENTIFIER = "org.reactjs.native.example.$(PRODUCT_NAME:rfc1034identifier)";
				PRODUCT_NAME = Final_APP;
				SWIFT_OPTIMIZATION_LEVEL = "-Onone";
				SWIFT_VERSION = 5.0;
				VERSIONING_SYSTEM = "apple-generic";
			};
			name = Debug;
		};
		13B07F951A680F5B00A75B9A /* Release */ = {
			isa = XCBuildConfiguration;
			baseConfigurationReference = 5709B34CF0A7D63546082F79 /* Pods-Final_APP.release.xcconfig */;
			buildSettings = {
				ASSETCATALOG_COMPILER_APPICON_NAME = AppIcon;
				CLANG_ENABLE_MODULES = YES;
				CURRENT_PROJECT_VERSION = 1;
				INFOPLIST_FILE = Final_APP/Info.plist;
				IPHONEOS_DEPLOYMENT_TARGET = 15.1;
				LD_RUNPATH_SEARCH_PATHS = (
					"$(inherited)",
					"@executable_path/Frameworks",
				);
				MARKETING_VERSION = 1.0;
				OTHER_LDFLAGS = (
					"$(inherited)",
					"-ObjC",
					"-lc++",
				);
				PRODUCT_BUNDLE_IDENTIFIER = "org.reactjs.native.example.$(PRODUCT_NAME:rfc1034identifier)";
				PRODUCT_NAME = Final_APP;
				SWIFT_VERSION = 5.0;
				VERSIONING_SYSTEM = "apple-generic";
			};
			name = Release;
		};
		83CBBA201A601CBA00E9B192 /* Debug */ = {
			isa = XCBuildConfiguration;
			buildSettings = {
				ALWAYS_SEARCH_USER_PATHS = NO;
				CLANG_ANALYZER_LOCALIZABILITY_NONLOCALIZED = YES;
				CLANG_CXX_LANGUAGE_STANDARD = "c++20";
				CLANG_CXX_LIBRARY = "libc++";
				CLANG_ENABLE_MODULES = YES;
				CLANG_ENABLE_OBJC_ARC = YES;
				CLANG_WARN_BLOCK_CAPTURE_AUTORELEASING = YES;
				CLANG_WARN_BOOL_CONVERSION = YES;
				CLANG_WARN_COMMA = YES;
				CLANG_WARN_CONSTANT_CONVERSION = YES;
				CLANG_WARN_DEPRECATED_OBJC_IMPLEMENTATIONS = YES;
				CLANG_WARN_DIRECT_OBJC_ISA_USAGE = YES_ERROR;
				CLANG_WARN_EMPTY_BODY = YES;
				CLANG_WARN_ENUM_CONVERSION = YES;
				CLANG_WARN_INFINITE_RECURSION = YES;
				CLANG_WARN_INT_CONVERSION = YES;
				CLANG_WARN_NON_LITERAL_NULL_CONVERSION = YES;
				CLANG_WARN_OBJC_IMPLICIT_RETAIN_SELF = YES;
				CLANG_WARN_OBJC_LITERAL_CONVERSION = YES;
				CLANG_WARN_OBJC_ROOT_CLASS = YES_ERROR;
				CLANG_WARN_QUOTED_INCLUDE_IN_FRAMEWORK_HEADER = YES;
				CLANG_WARN_RANGE_LOOP_ANALYSIS = YES;
				CLANG_WARN_STRICT_PROTOTYPES = YES;
				CLANG_WARN_SUSPICIOUS_MOVE = YES;
				CLANG_WARN_UNREACHABLE_CODE = YES;
				CLANG_WARN__DUPLICATE_METHOD_MATCH = YES;
				"CODE_SIGN_IDENTITY[sdk=iphoneos*]" = "iPhone Developer";
				COPY_PHASE_STRIP = NO;
				ENABLE_STRICT_OBJC_MSGSEND = YES;
				ENABLE_TESTABILITY = YES;
				"EXCLUDED_ARCHS[sdk=iphonesimulator*]" = "";
				GCC_C_LANGUAGE_STANDARD = gnu99;
				GCC_DYNAMIC_NO_PIC = NO;
				GCC_NO_COMMON_BLOCKS = YES;
				GCC_OPTIMIZATION_LEVEL = 0;
				GCC_PREPROCESSOR_DEFINITIONS = (
					"DEBUG=1",
					"$(inherited)",
				);
				GCC_SYMBOLS_PRIVATE_EXTERN = NO;
				GCC_WARN_64_TO_32_BIT_CONVERSION = YES;
				GCC_WARN_ABOUT_RETURN_TYPE = YES_ERROR;
				GCC_WARN_UNDECLARED_SELECTOR = YES;
				GCC_WARN_UNINITIALIZED_AUTOS = YES_AGGRESSIVE;
				GCC_WARN_UNUSED_FUNCTION = YES;
				GCC_WARN_UNUSED_VARIABLE = YES;
				IPHONEOS_DEPLOYMENT_TARGET = 15.1;
				LD_RUNPATH_SEARCH_PATHS = (
					/usr/lib/swift,
					"$(inherited)",
				);
				LIBRARY_SEARCH_PATHS = (
					"\"$(SDKROOT)/usr/lib/swift\"",
					"\"$(TOOLCHAIN_DIR)/usr/lib/swift/$(PLATFORM_NAME)\"",
					"\"$(inherited)\"",
				);
				MTL_ENABLE_DEBUG_INFO = YES;
				ONLY_ACTIVE_ARCH = YES;
				OTHER_CPLUSPLUSFLAGS = (
					"$(OTHER_CFLAGS)",
					"-DFOLLY_NO_CONFIG",
					"-DFOLLY_MOBILE=1",
					"-DFOLLY_USE_LIBCPP=1",
					"-DFOLLY_CFG_NO_COROUTINES=1",
					"-DFOLLY_HAVE_CLOCK_GETTIME=1",
				);
				SDKROOT = iphoneos;
			};
			name = Debug;
		};
		83CBBA211A601CBA00E9B192 /* Release */ = {
			isa = XCBuildConfiguration;
			buildSettings = {
				ALWAYS_SEARCH_USER_PATHS = NO;
				CLANG_ANALYZER_LOCALIZABILITY_NONLOCALIZED = YES;
				CLANG_CXX_LANGUAGE_STANDARD = "c++20";
				CLANG_CXX_LIBRARY = "libc++";
				CLANG_ENABLE_MODULES = YES;
				CLANG_ENABLE_OBJC_ARC = YES;
				CLANG_WARN_BLOCK_CAPTURE_AUTORELEASING = YES;
				CLANG_WARN_BOOL_CONVERSION = YES;
				CLANG_WARN_COMMA = YES;
				CLANG_WARN_CONSTANT_CONVERSION = YES;
				CLANG_WARN_DEPRECATED_OBJC_IMPLEMENTATIONS = YES;
				CLANG_WARN_DIRECT_OBJC_ISA_USAGE = YES_ERROR;
				CLANG_WARN_EMPTY_BODY = YES;
				CLANG_WARN_ENUM_CONVERSION = YES;
				CLANG_WARN_INFINITE_RECURSION = YES;
				CLANG_WARN_INT_CONVERSION = YES;
				CLANG_WARN_NON_LITERAL_NULL_CONVERSION = YES;
				CLANG_WARN_OBJC_IMPLICIT_RETAIN_SELF = YES;
				CLANG_WARN_OBJC_LITERAL_CONVERSION = YES;
				CLANG_WARN_OBJC_ROOT_CLASS = YES_ERROR;
				CLANG_WARN_QUOTED_INCLUDE_IN_FRAMEWORK_HEADER = YES;
				CLANG_WARN_RANGE_LOOP_ANALYSIS = YES;
				CLANG_WARN_STRICT_PROTOTYPES = YES;
				CLANG_WARN_SUSPICIOUS_MOVE = YES;
				CLANG_WARN_UNREACHABLE_CODE = YES;
				CLANG_WARN__DUPLICATE_METHOD_MATCH = YES;
				"CODE_SIGN_IDENTITY[sdk=iphoneos*]" = "iPhone Developer";
				COPY_PHASE_STRIP = YES;
				ENABLE_NS_ASSERTIONS = NO;
				ENABLE_STRICT_OBJC_MSGSEND = YES;
				"EXCLUDED_ARCHS[sdk=iphonesimulator*]" = "";
				GCC_C_LANGUAGE_STANDARD = gnu99;
				GCC_NO_COMMON_BLOCKS = YES;
				GCC_WARN_64_TO_32_BIT_CONVERSION = YES;
				GCC_WARN_ABOUT_RETURN_TYPE = YES_ERROR;
				GCC_WARN_UNDECLARED_SELECTOR = YES;
				GCC_WARN_UNINITIALIZED_AUTOS = YES_AGGRESSIVE;
				GCC_WARN_UNUSED_FUNCTION = YES;
				GCC_WARN_UNUSED_VARIABLE = YES;
				IPHONEOS_DEPLOYMENT_TARGET = 15.1;
				LD_RUNPATH_SEARCH_PATHS = (
					/usr/lib/swift,
					"$(inherited)",
				);
				LIBRARY_SEARCH_PATHS = (
					"\"$(SDKROOT)/usr/lib/swift\"",
					"\"$(TOOLCHAIN_DIR)/usr/lib/swift/$(PLATFORM_NAME)\"",
					"\"$(inherited)\"",
				);
				MTL_ENABLE_DEBUG_INFO = NO;
				OTHER_CPLUSPLUSFLAGS = (
					"$(OTHER_CFLAGS)",
					"-DFOLLY_NO_CONFIG",
					"-DFOLLY_MOBILE=1",
					"-DFOLLY_USE_LIBCPP=1",
					"-DFOLLY_CFG_NO_COROUTINES=1",
					"-DFOLLY_HAVE_CLOCK_GETTIME=1",
				);
				SDKROOT = iphoneos;
				VALIDATE_PRODUCT = YES;
			};
			name = Release;
		};
/* End XCBuildConfiguration section */

/* Begin XCConfigurationList section */
		13B07F931A680F5B00A75B9A /* Build configuration list for PBXNativeTarget "Final_APP" */ = {
			isa = XCConfigurationList;
			buildConfigurations = (
				13B07F941A680F5B00A75B9A /* Debug */,
				13B07F951A680F5B00A75B9A /* Release */,
			);
			defaultConfigurationIsVisible = 0;
			defaultConfigurationName = Release;
		};
		83CBB9FA1A601CBA00E9B192 /* Build configuration list for PBXProject "Final_APP" */ = {
			isa = XCConfigurationList;
			buildConfigurations = (
				83CBBA201A601CBA00E9B192 /* Debug */,
				83CBBA211A601CBA00E9B192 /* Release */,
			);
			defaultConfigurationIsVisible = 0;
			defaultConfigurationName = Release;
		};
/* End XCConfigurationList section */
	};
	rootObject = 83CBB9F71A601CBA00E9B192 /* Project object */;
}
